// !$*UTF8*$!
{
	archiveVersion = 1;
	classes = {
	};
	objectVersion = 56;
	objects = {

/* Begin PBXBuildFile section */
		7CB4D8A32CEE34EC008CF0CC /* AppDelegate.swift in Sources */ = {isa = PBXBuildFile; fileRef = 7CB4D8A22CEE34EC008CF0CC /* AppDelegate.swift */; };
		7CB4D8A52CEE34EC008CF0CC /* SceneDelegate.swift in Sources */ = {isa = PBXBuildFile; fileRef = 7CB4D8A42CEE34EC008CF0CC /* SceneDelegate.swift */; };
		7CB4D8A72CEE34EC008CF0CC /* ConversationViewController.swift in Sources */ = {isa = PBXBuildFile; fileRef = 7CB4D8A62CEE34EC008CF0CC /* ConversationViewController.swift */; };
		7CB4D8AA2CEE34EC008CF0CC /* Base in Resources */ = {isa = PBXBuildFile; fileRef = 7CB4D8A92CEE34EC008CF0CC /* Base */; };
		7CB4D8AC2CEE34ED008CF0CC /* Assets.xcassets in Resources */ = {isa = PBXBuildFile; fileRef = 7CB4D8AB2CEE34ED008CF0CC /* Assets.xcassets */; };
		7CB4D8AF2CEE34ED008CF0CC /* Base in Resources */ = {isa = PBXBuildFile; fileRef = 7CB4D8AE2CEE34ED008CF0CC /* Base */; };
		7CB4D8BA2CEE34ED008CF0CC /* ChatAppTests.swift in Sources */ = {isa = PBXBuildFile; fileRef = 7CB4D8B92CEE34ED008CF0CC /* ChatAppTests.swift */; };
		7CB4D8C42CEE34ED008CF0CC /* ChatAppUITests.swift in Sources */ = {isa = PBXBuildFile; fileRef = 7CB4D8C32CEE34ED008CF0CC /* ChatAppUITests.swift */; };
		7CB4D8C62CEE34ED008CF0CC /* ChatAppUITestsLaunchTests.swift in Sources */ = {isa = PBXBuildFile; fileRef = 7CB4D8C52CEE34ED008CF0CC /* ChatAppUITestsLaunchTests.swift */; };
		7CB4D8D82CEE37CD008CF0CC /* LoginViewController.swift in Sources */ = {isa = PBXBuildFile; fileRef = 7CB4D8D72CEE37CD008CF0CC /* LoginViewController.swift */; };
		7CB4D8DA2CEE37DA008CF0CC /* RegistrationViewController.swift in Sources */ = {isa = PBXBuildFile; fileRef = 7CB4D8D92CEE37DA008CF0CC /* RegistrationViewController.swift */; };
		7CB4D8DC2CEE37E5008CF0CC /* VideoPlayerViewController.swift in Sources */ = {isa = PBXBuildFile; fileRef = 7CB4D8DB2CEE37E5008CF0CC /* VideoPlayerViewController.swift */; };
		7CB4D8DE2CEE37FE008CF0CC /* PhotoViewerViewController.swift in Sources */ = {isa = PBXBuildFile; fileRef = 7CB4D8DD2CEE37FE008CF0CC /* PhotoViewerViewController.swift */; };
		7CB4D8E02CEE3811008CF0CC /* NewConversationViewController.swift in Sources */ = {isa = PBXBuildFile; fileRef = 7CB4D8DF2CEE3811008CF0CC /* NewConversationViewController.swift */; };
		7CB4D8E22CEE381B008CF0CC /* ProfileViewController.swift in Sources */ = {isa = PBXBuildFile; fileRef = 7CB4D8E12CEE381B008CF0CC /* ProfileViewController.swift */; };
		7CB4D8E52CEE3C2D008CF0CC /* CostantValue.swift in Sources */ = {isa = PBXBuildFile; fileRef = 7CB4D8E42CEE3C2D008CF0CC /* CostantValue.swift */; };
		7CB4D8E72CEE4ABA008CF0CC /* ViewExtension.swift in Sources */ = {isa = PBXBuildFile; fileRef = 7CB4D8E62CEE4ABA008CF0CC /* ViewExtension.swift */; };
		7CB4D8EA2CEFA98B008CF0CC /* FirebaseAuth in Frameworks */ = {isa = PBXBuildFile; productRef = 7CB4D8E92CEFA98B008CF0CC /* FirebaseAuth */; };
		7CB4D8EC2CEFA98B008CF0CC /* FirebaseCore in Frameworks */ = {isa = PBXBuildFile; productRef = 7CB4D8EB2CEFA98B008CF0CC /* FirebaseCore */; };
		7CB4D8EE2CEFA98B008CF0CC /* FirebaseDatabase in Frameworks */ = {isa = PBXBuildFile; productRef = 7CB4D8ED2CEFA98B008CF0CC /* FirebaseDatabase */; };
		7CB4D8F02CEFAB06008CF0CC /* GoogleService-Info.plist in Resources */ = {isa = PBXBuildFile; fileRef = 7CB4D8EF2CEFAB06008CF0CC /* GoogleService-Info.plist */; };
		7CEFD1C12CF20C9F00472555 /* SplashViewController.swift in Sources */ = {isa = PBXBuildFile; fileRef = 7CEFD1C02CF20C9F00472555 /* SplashViewController.swift */; };
		7CEFD1C32CF2144700472555 /* DataBaseManager.swift in Sources */ = {isa = PBXBuildFile; fileRef = 7CEFD1C22CF2144700472555 /* DataBaseManager.swift */; };
		7CEFD1C62CF2155200472555 /* UserModel.swift in Sources */ = {isa = PBXBuildFile; fileRef = 7CEFD1C52CF2155200472555 /* UserModel.swift */; };
		7CEFD1C82CF21F9C00472555 /* DashboardController.swift in Sources */ = {isa = PBXBuildFile; fileRef = 7CEFD1C72CF21F9C00472555 /* DashboardController.swift */; };
		7CEFD1CA2CF2438C00472555 /* Test.swift in Sources */ = {isa = PBXBuildFile; fileRef = 7CEFD1C92CF2438C00472555 /* Test.swift */; };
		7CEFD1CC2CF2452F00472555 /* TestTableViewCell.swift in Sources */ = {isa = PBXBuildFile; fileRef = 7CEFD1CB2CF2452F00472555 /* TestTableViewCell.swift */; };
		7CEFD1D22CF2FE0C00472555 /* MessageKit in Frameworks */ = {isa = PBXBuildFile; productRef = 7CEFD1D12CF2FE0C00472555 /* MessageKit */; };
		7CEFD1D42CF2FE1400472555 /* JGProgressHUD in Frameworks */ = {isa = PBXBuildFile; productRef = 7CEFD1D32CF2FE1400472555 /* JGProgressHUD */; };
		7CEFD1D62CF2FE2100472555 /* Realm in Frameworks */ = {isa = PBXBuildFile; productRef = 7CEFD1D52CF2FE2100472555 /* Realm */; };
		7CEFD1D72CF2FE2100472555 /* Realm in Embed Frameworks */ = {isa = PBXBuildFile; productRef = 7CEFD1D52CF2FE2100472555 /* Realm */; settings = {ATTRIBUTES = (CodeSignOnCopy, ); }; };
		7CEFD1DD2CF2FF0E00472555 /* ChatViewController.swift in Sources */ = {isa = PBXBuildFile; fileRef = 7CEFD1DC2CF2FF0E00472555 /* ChatViewController.swift */; };
		7CEFD1DF2CF3022E00472555 /* MessageModel.swift in Sources */ = {isa = PBXBuildFile; fileRef = 7CEFD1DE2CF3022E00472555 /* MessageModel.swift */; };
		7CEFD1E12CF3027600472555 /* SenderModel.swift in Sources */ = {isa = PBXBuildFile; fileRef = 7CEFD1E02CF3027600472555 /* SenderModel.swift */; };
/* End PBXBuildFile section */

/* Begin PBXContainerItemProxy section */
		7CB4D8B62CEE34ED008CF0CC /* PBXContainerItemProxy */ = {
			isa = PBXContainerItemProxy;
			containerPortal = 7CB4D8972CEE34EC008CF0CC /* Project object */;
			proxyType = 1;
			remoteGlobalIDString = 7CB4D89E2CEE34EC008CF0CC;
			remoteInfo = ChatApp;
		};
		7CB4D8C02CEE34ED008CF0CC /* PBXContainerItemProxy */ = {
			isa = PBXContainerItemProxy;
			containerPortal = 7CB4D8972CEE34EC008CF0CC /* Project object */;
			proxyType = 1;
			remoteGlobalIDString = 7CB4D89E2CEE34EC008CF0CC;
			remoteInfo = ChatApp;
		};
/* End PBXContainerItemProxy section */

/* Begin PBXCopyFilesBuildPhase section */
		7CEFD1DB2CF2FE2100472555 /* Embed Frameworks */ = {
			isa = PBXCopyFilesBuildPhase;
			buildActionMask = 2147483647;
			dstPath = "";
			dstSubfolderSpec = 10;
			files = (
				7CEFD1D72CF2FE2100472555 /* Realm in Embed Frameworks */,
			);
			name = "Embed Frameworks";
			runOnlyForDeploymentPostprocessing = 0;
		};
/* End PBXCopyFilesBuildPhase section */

/* Begin PBXFileReference section */
		7CB4D89F2CEE34EC008CF0CC /* ChatApp.app */ = {isa = PBXFileReference; explicitFileType = wrapper.application; includeInIndex = 0; path = ChatApp.app; sourceTree = BUILT_PRODUCTS_DIR; };
		7CB4D8A22CEE34EC008CF0CC /* AppDelegate.swift */ = {isa = PBXFileReference; lastKnownFileType = sourcecode.swift; path = AppDelegate.swift; sourceTree = "<group>"; };
		7CB4D8A42CEE34EC008CF0CC /* SceneDelegate.swift */ = {isa = PBXFileReference; lastKnownFileType = sourcecode.swift; path = SceneDelegate.swift; sourceTree = "<group>"; };
		7CB4D8A62CEE34EC008CF0CC /* ConversationViewController.swift */ = {isa = PBXFileReference; lastKnownFileType = sourcecode.swift; path = ConversationViewController.swift; sourceTree = "<group>"; };
		7CB4D8A92CEE34EC008CF0CC /* Base */ = {isa = PBXFileReference; lastKnownFileType = file.storyboard; name = Base; path = Base.lproj/Main.storyboard; sourceTree = "<group>"; };
		7CB4D8AB2CEE34ED008CF0CC /* Assets.xcassets */ = {isa = PBXFileReference; lastKnownFileType = folder.assetcatalog; path = Assets.xcassets; sourceTree = "<group>"; };
		7CB4D8AE2CEE34ED008CF0CC /* Base */ = {isa = PBXFileReference; lastKnownFileType = file.storyboard; name = Base; path = Base.lproj/LaunchScreen.storyboard; sourceTree = "<group>"; };
		7CB4D8B02CEE34ED008CF0CC /* Info.plist */ = {isa = PBXFileReference; lastKnownFileType = text.plist.xml; path = Info.plist; sourceTree = "<group>"; };
		7CB4D8B52CEE34ED008CF0CC /* ChatAppTests.xctest */ = {isa = PBXFileReference; explicitFileType = wrapper.cfbundle; includeInIndex = 0; path = ChatAppTests.xctest; sourceTree = BUILT_PRODUCTS_DIR; };
		7CB4D8B92CEE34ED008CF0CC /* ChatAppTests.swift */ = {isa = PBXFileReference; lastKnownFileType = sourcecode.swift; path = ChatAppTests.swift; sourceTree = "<group>"; };
		7CB4D8BF2CEE34ED008CF0CC /* ChatAppUITests.xctest */ = {isa = PBXFileReference; explicitFileType = wrapper.cfbundle; includeInIndex = 0; path = ChatAppUITests.xctest; sourceTree = BUILT_PRODUCTS_DIR; };
		7CB4D8C32CEE34ED008CF0CC /* ChatAppUITests.swift */ = {isa = PBXFileReference; lastKnownFileType = sourcecode.swift; path = ChatAppUITests.swift; sourceTree = "<group>"; };
		7CB4D8C52CEE34ED008CF0CC /* ChatAppUITestsLaunchTests.swift */ = {isa = PBXFileReference; lastKnownFileType = sourcecode.swift; path = ChatAppUITestsLaunchTests.swift; sourceTree = "<group>"; };
		7CB4D8D72CEE37CD008CF0CC /* LoginViewController.swift */ = {isa = PBXFileReference; lastKnownFileType = sourcecode.swift; path = LoginViewController.swift; sourceTree = "<group>"; };
		7CB4D8D92CEE37DA008CF0CC /* RegistrationViewController.swift */ = {isa = PBXFileReference; lastKnownFileType = sourcecode.swift; path = RegistrationViewController.swift; sourceTree = "<group>"; };
		7CB4D8DB2CEE37E5008CF0CC /* VideoPlayerViewController.swift */ = {isa = PBXFileReference; lastKnownFileType = sourcecode.swift; path = VideoPlayerViewController.swift; sourceTree = "<group>"; };
		7CB4D8DD2CEE37FE008CF0CC /* PhotoViewerViewController.swift */ = {isa = PBXFileReference; lastKnownFileType = sourcecode.swift; path = PhotoViewerViewController.swift; sourceTree = "<group>"; };
		7CB4D8DF2CEE3811008CF0CC /* NewConversationViewController.swift */ = {isa = PBXFileReference; lastKnownFileType = sourcecode.swift; path = NewConversationViewController.swift; sourceTree = "<group>"; };
		7CB4D8E12CEE381B008CF0CC /* ProfileViewController.swift */ = {isa = PBXFileReference; lastKnownFileType = sourcecode.swift; path = ProfileViewController.swift; sourceTree = "<group>"; };
		7CB4D8E42CEE3C2D008CF0CC /* CostantValue.swift */ = {isa = PBXFileReference; lastKnownFileType = sourcecode.swift; path = CostantValue.swift; sourceTree = "<group>"; };
		7CB4D8E62CEE4ABA008CF0CC /* ViewExtension.swift */ = {isa = PBXFileReference; lastKnownFileType = sourcecode.swift; path = ViewExtension.swift; sourceTree = "<group>"; };
		7CB4D8EF2CEFAB06008CF0CC /* GoogleService-Info.plist */ = {isa = PBXFileReference; fileEncoding = 4; lastKnownFileType = text.plist.xml; path = "GoogleService-Info.plist"; sourceTree = "<group>"; };
		7CEFD1C02CF20C9F00472555 /* SplashViewController.swift */ = {isa = PBXFileReference; lastKnownFileType = sourcecode.swift; path = SplashViewController.swift; sourceTree = "<group>"; };
		7CEFD1C22CF2144700472555 /* DataBaseManager.swift */ = {isa = PBXFileReference; lastKnownFileType = sourcecode.swift; path = DataBaseManager.swift; sourceTree = "<group>"; };
		7CEFD1C52CF2155200472555 /* UserModel.swift */ = {isa = PBXFileReference; lastKnownFileType = sourcecode.swift; path = UserModel.swift; sourceTree = "<group>"; };
		7CEFD1C72CF21F9C00472555 /* DashboardController.swift */ = {isa = PBXFileReference; lastKnownFileType = sourcecode.swift; path = DashboardController.swift; sourceTree = "<group>"; };
		7CEFD1C92CF2438C00472555 /* Test.swift */ = {isa = PBXFileReference; lastKnownFileType = sourcecode.swift; path = Test.swift; sourceTree = "<group>"; };
		7CEFD1CB2CF2452F00472555 /* TestTableViewCell.swift */ = {isa = PBXFileReference; lastKnownFileType = sourcecode.swift; path = TestTableViewCell.swift; sourceTree = "<group>"; };
		7CEFD1DC2CF2FF0E00472555 /* ChatViewController.swift */ = {isa = PBXFileReference; lastKnownFileType = sourcecode.swift; path = ChatViewController.swift; sourceTree = "<group>"; };
		7CEFD1DE2CF3022E00472555 /* MessageModel.swift */ = {isa = PBXFileReference; lastKnownFileType = sourcecode.swift; path = MessageModel.swift; sourceTree = "<group>"; };
		7CEFD1E02CF3027600472555 /* SenderModel.swift */ = {isa = PBXFileReference; lastKnownFileType = sourcecode.swift; path = SenderModel.swift; sourceTree = "<group>"; };
/* End PBXFileReference section */

/* Begin PBXFrameworksBuildPhase section */
		7CB4D89C2CEE34EC008CF0CC /* Frameworks */ = {
			isa = PBXFrameworksBuildPhase;
			buildActionMask = 2147483647;
			files = (
				7CEFD1D62CF2FE2100472555 /* Realm in Frameworks */,
				7CB4D8EE2CEFA98B008CF0CC /* FirebaseDatabase in Frameworks */,
				7CB4D8EC2CEFA98B008CF0CC /* FirebaseCore in Frameworks */,
				7CB4D8EA2CEFA98B008CF0CC /* FirebaseAuth in Frameworks */,
				7CEFD1D22CF2FE0C00472555 /* MessageKit in Frameworks */,
				7CEFD1D42CF2FE1400472555 /* JGProgressHUD in Frameworks */,
			);
			runOnlyForDeploymentPostprocessing = 0;
		};
		7CB4D8B22CEE34ED008CF0CC /* Frameworks */ = {
			isa = PBXFrameworksBuildPhase;
			buildActionMask = 2147483647;
			files = (
			);
			runOnlyForDeploymentPostprocessing = 0;
		};
		7CB4D8BC2CEE34ED008CF0CC /* Frameworks */ = {
			isa = PBXFrameworksBuildPhase;
			buildActionMask = 2147483647;
			files = (
			);
			runOnlyForDeploymentPostprocessing = 0;
		};
/* End PBXFrameworksBuildPhase section */

/* Begin PBXGroup section */
		7CB4D8962CEE34EC008CF0CC = {
			isa = PBXGroup;
			children = (
				7CB4D8A12CEE34EC008CF0CC /* ChatApp */,
				7CB4D8B82CEE34ED008CF0CC /* ChatAppTests */,
				7CB4D8C22CEE34ED008CF0CC /* ChatAppUITests */,
				7CB4D8A02CEE34EC008CF0CC /* Products */,
				7CEFD1D02CF2FE0400472555 /* Frameworks */,
			);
			sourceTree = "<group>";
		};
		7CB4D8A02CEE34EC008CF0CC /* Products */ = {
			isa = PBXGroup;
			children = (
				7CB4D89F2CEE34EC008CF0CC /* ChatApp.app */,
				7CB4D8B52CEE34ED008CF0CC /* ChatAppTests.xctest */,
				7CB4D8BF2CEE34ED008CF0CC /* ChatAppUITests.xctest */,
			);
			name = Products;
			sourceTree = "<group>";
		};
		7CB4D8A12CEE34EC008CF0CC /* ChatApp */ = {
			isa = PBXGroup;
			children = (
				7CB4D8EF2CEFAB06008CF0CC /* GoogleService-Info.plist */,
				7CEFD1C42CF2154500472555 /* Model */,
				7CB4D8E32CEE3C1D008CF0CC /* Utility */,
				7CB4D8D62CEE35CA008CF0CC /* ViewModels */,
				7CB4D8D52CEE35B8008CF0CC /* Resources */,
				7CB4D8D32CEE35A6008CF0CC /* Views */,
				7CB4D8D22CEE359C008CF0CC /* ViewControllers */,
				7CB4D8B02CEE34ED008CF0CC /* Info.plist */,
			);
			path = ChatApp;
			sourceTree = "<group>";
		};
		7CB4D8B82CEE34ED008CF0CC /* ChatAppTests */ = {
			isa = PBXGroup;
			children = (
				7CB4D8B92CEE34ED008CF0CC /* ChatAppTests.swift */,
			);
			path = ChatAppTests;
			sourceTree = "<group>";
		};
		7CB4D8C22CEE34ED008CF0CC /* ChatAppUITests */ = {
			isa = PBXGroup;
			children = (
				7CB4D8C32CEE34ED008CF0CC /* ChatAppUITests.swift */,
				7CB4D8C52CEE34ED008CF0CC /* ChatAppUITestsLaunchTests.swift */,
			);
			path = ChatAppUITests;
			sourceTree = "<group>";
		};
		7CB4D8D22CEE359C008CF0CC /* ViewControllers */ = {
			isa = PBXGroup;
			children = (
				7CB4D8A62CEE34EC008CF0CC /* ConversationViewController.swift */,
				7CB4D8D72CEE37CD008CF0CC /* LoginViewController.swift */,
				7CB4D8D92CEE37DA008CF0CC /* RegistrationViewController.swift */,
				7CB4D8DB2CEE37E5008CF0CC /* VideoPlayerViewController.swift */,
				7CB4D8DD2CEE37FE008CF0CC /* PhotoViewerViewController.swift */,
				7CB4D8DF2CEE3811008CF0CC /* NewConversationViewController.swift */,
				7CB4D8E12CEE381B008CF0CC /* ProfileViewController.swift */,
				7CEFD1C02CF20C9F00472555 /* SplashViewController.swift */,
				7CEFD1C72CF21F9C00472555 /* DashboardController.swift */,
				7CEFD1C92CF2438C00472555 /* Test.swift */,
				7CEFD1DC2CF2FF0E00472555 /* ChatViewController.swift */,
			);
			path = ViewControllers;
			sourceTree = "<group>";
		};
		7CB4D8D32CEE35A6008CF0CC /* Views */ = {
			isa = PBXGroup;
			children = (
				7CB4D8A82CEE34EC008CF0CC /* Main.storyboard */,
				7CB4D8AB2CEE34ED008CF0CC /* Assets.xcassets */,
				7CB4D8AD2CEE34ED008CF0CC /* LaunchScreen.storyboard */,
			);
			path = Views;
			sourceTree = "<group>";
		};
		7CB4D8D52CEE35B8008CF0CC /* Resources */ = {
			isa = PBXGroup;
			children = (
				7CB4D8A22CEE34EC008CF0CC /* AppDelegate.swift */,
				7CB4D8A42CEE34EC008CF0CC /* SceneDelegate.swift */,
			);
			path = Resources;
			sourceTree = "<group>";
		};
		7CB4D8D62CEE35CA008CF0CC /* ViewModels */ = {
			isa = PBXGroup;
			children = (
			);
			path = ViewModels;
			sourceTree = "<group>";
		};
		7CB4D8E32CEE3C1D008CF0CC /* Utility */ = {
			isa = PBXGroup;
			children = (
				7CB4D8E42CEE3C2D008CF0CC /* CostantValue.swift */,
				7CB4D8E62CEE4ABA008CF0CC /* ViewExtension.swift */,
				7CEFD1C22CF2144700472555 /* DataBaseManager.swift */,
				7CEFD1CB2CF2452F00472555 /* TestTableViewCell.swift */,
			);
			path = Utility;
			sourceTree = "<group>";
		};
		7CEFD1C42CF2154500472555 /* Model */ = {
			isa = PBXGroup;
			children = (
				7CEFD1C52CF2155200472555 /* UserModel.swift */,
				7CEFD1DE2CF3022E00472555 /* MessageModel.swift */,
				7CEFD1E02CF3027600472555 /* SenderModel.swift */,
			);
			path = Model;
			sourceTree = "<group>";
		};
		7CEFD1D02CF2FE0400472555 /* Frameworks */ = {
			isa = PBXGroup;
			children = (
			);
			name = Frameworks;
			sourceTree = "<group>";
		};
/* End PBXGroup section */

/* Begin PBXNativeTarget section */
		7CB4D89E2CEE34EC008CF0CC /* ChatApp */ = {
			isa = PBXNativeTarget;
			buildConfigurationList = 7CB4D8C92CEE34ED008CF0CC /* Build configuration list for PBXNativeTarget "ChatApp" */;
			buildPhases = (
				7CB4D89B2CEE34EC008CF0CC /* Sources */,
				7CB4D89C2CEE34EC008CF0CC /* Frameworks */,
				7CB4D89D2CEE34EC008CF0CC /* Resources */,
				7CEFD1DB2CF2FE2100472555 /* Embed Frameworks */,
			);
			buildRules = (
			);
			dependencies = (
			);
			name = ChatApp;
			packageProductDependencies = (
				7CB4D8E92CEFA98B008CF0CC /* FirebaseAuth */,
				7CB4D8EB2CEFA98B008CF0CC /* FirebaseCore */,
				7CB4D8ED2CEFA98B008CF0CC /* FirebaseDatabase */,
				7CEFD1D12CF2FE0C00472555 /* MessageKit */,
				7CEFD1D32CF2FE1400472555 /* JGProgressHUD */,
				7CEFD1D52CF2FE2100472555 /* Realm */,
			);
			productName = ChatApp;
			productReference = 7CB4D89F2CEE34EC008CF0CC /* ChatApp.app */;
			productType = "com.apple.product-type.application";
		};
		7CB4D8B42CEE34ED008CF0CC /* ChatAppTests */ = {
			isa = PBXNativeTarget;
			buildConfigurationList = 7CB4D8CC2CEE34ED008CF0CC /* Build configuration list for PBXNativeTarget "ChatAppTests" */;
			buildPhases = (
				7CB4D8B12CEE34ED008CF0CC /* Sources */,
				7CB4D8B22CEE34ED008CF0CC /* Frameworks */,
				7CB4D8B32CEE34ED008CF0CC /* Resources */,
			);
			buildRules = (
			);
			dependencies = (
				7CB4D8B72CEE34ED008CF0CC /* PBXTargetDependency */,
			);
			name = ChatAppTests;
			productName = ChatAppTests;
			productReference = 7CB4D8B52CEE34ED008CF0CC /* ChatAppTests.xctest */;
			productType = "com.apple.product-type.bundle.unit-test";
		};
		7CB4D8BE2CEE34ED008CF0CC /* ChatAppUITests */ = {
			isa = PBXNativeTarget;
			buildConfigurationList = 7CB4D8CF2CEE34ED008CF0CC /* Build configuration list for PBXNativeTarget "ChatAppUITests" */;
			buildPhases = (
				7CB4D8BB2CEE34ED008CF0CC /* Sources */,
				7CB4D8BC2CEE34ED008CF0CC /* Frameworks */,
				7CB4D8BD2CEE34ED008CF0CC /* Resources */,
			);
			buildRules = (
			);
			dependencies = (
				7CB4D8C12CEE34ED008CF0CC /* PBXTargetDependency */,
			);
			name = ChatAppUITests;
			productName = ChatAppUITests;
			productReference = 7CB4D8BF2CEE34ED008CF0CC /* ChatAppUITests.xctest */;
			productType = "com.apple.product-type.bundle.ui-testing";
		};
/* End PBXNativeTarget section */

/* Begin PBXProject section */
		7CB4D8972CEE34EC008CF0CC /* Project object */ = {
			isa = PBXProject;
			attributes = {
				BuildIndependentTargetsInParallel = 1;
				LastSwiftUpdateCheck = 1540;
				LastUpgradeCheck = 1540;
				TargetAttributes = {
					7CB4D89E2CEE34EC008CF0CC = {
						CreatedOnToolsVersion = 15.4;
					};
					7CB4D8B42CEE34ED008CF0CC = {
						CreatedOnToolsVersion = 15.4;
						TestTargetID = 7CB4D89E2CEE34EC008CF0CC;
					};
					7CB4D8BE2CEE34ED008CF0CC = {
						CreatedOnToolsVersion = 15.4;
						TestTargetID = 7CB4D89E2CEE34EC008CF0CC;
					};
				};
			};
			buildConfigurationList = 7CB4D89A2CEE34EC008CF0CC /* Build configuration list for PBXProject "ChatApp" */;
			compatibilityVersion = "Xcode 14.0";
			developmentRegion = en;
			hasScannedForEncodings = 0;
			knownRegions = (
				en,
				Base,
			);
			mainGroup = 7CB4D8962CEE34EC008CF0CC;
			packageReferences = (
				7CB4D8E82CEFA98B008CF0CC /* XCRemoteSwiftPackageReference "firebase-ios-sdk" */,
				7CEFD1CD2CF2FBA000472555 /* XCRemoteSwiftPackageReference "MessageKit" */,
				7CEFD1CE2CF2FBF200472555 /* XCRemoteSwiftPackageReference "realm-swift" */,
				7CEFD1CF2CF2FC4000472555 /* XCRemoteSwiftPackageReference "JGProgressHUD" */,
			);
			productRefGroup = 7CB4D8A02CEE34EC008CF0CC /* Products */;
			projectDirPath = "";
			projectRoot = "";
			targets = (
				7CB4D89E2CEE34EC008CF0CC /* ChatApp */,
				7CB4D8B42CEE34ED008CF0CC /* ChatAppTests */,
				7CB4D8BE2CEE34ED008CF0CC /* ChatAppUITests */,
			);
		};
/* End PBXProject section */

/* Begin PBXResourcesBuildPhase section */
		7CB4D89D2CEE34EC008CF0CC /* Resources */ = {
			isa = PBXResourcesBuildPhase;
			buildActionMask = 2147483647;
			files = (
				7CB4D8AC2CEE34ED008CF0CC /* Assets.xcassets in Resources */,
				7CB4D8F02CEFAB06008CF0CC /* GoogleService-Info.plist in Resources */,
				7CB4D8AF2CEE34ED008CF0CC /* Base in Resources */,
				7CB4D8AA2CEE34EC008CF0CC /* Base in Resources */,
			);
			runOnlyForDeploymentPostprocessing = 0;
		};
		7CB4D8B32CEE34ED008CF0CC /* Resources */ = {
			isa = PBXResourcesBuildPhase;
			buildActionMask = 2147483647;
			files = (
			);
			runOnlyForDeploymentPostprocessing = 0;
		};
		7CB4D8BD2CEE34ED008CF0CC /* Resources */ = {
			isa = PBXResourcesBuildPhase;
			buildActionMask = 2147483647;
			files = (
			);
			runOnlyForDeploymentPostprocessing = 0;
		};
/* End PBXResourcesBuildPhase section */

/* Begin PBXSourcesBuildPhase section */
		7CB4D89B2CEE34EC008CF0CC /* Sources */ = {
			isa = PBXSourcesBuildPhase;
			buildActionMask = 2147483647;
			files = (
				7CB4D8D82CEE37CD008CF0CC /* LoginViewController.swift in Sources */,
				7CB4D8A72CEE34EC008CF0CC /* ConversationViewController.swift in Sources */,
				7CEFD1E12CF3027600472555 /* SenderModel.swift in Sources */,
				7CB4D8E02CEE3811008CF0CC /* NewConversationViewController.swift in Sources */,
				7CEFD1C12CF20C9F00472555 /* SplashViewController.swift in Sources */,
				7CEFD1CC2CF2452F00472555 /* TestTableViewCell.swift in Sources */,
				7CB4D8A32CEE34EC008CF0CC /* AppDelegate.swift in Sources */,
				7CEFD1CA2CF2438C00472555 /* Test.swift in Sources */,
				7CB4D8DE2CEE37FE008CF0CC /* PhotoViewerViewController.swift in Sources */,
				7CB4D8DC2CEE37E5008CF0CC /* VideoPlayerViewController.swift in Sources */,
				7CEFD1C82CF21F9C00472555 /* DashboardController.swift in Sources */,
				7CB4D8E72CEE4ABA008CF0CC /* ViewExtension.swift in Sources */,
				7CEFD1C62CF2155200472555 /* UserModel.swift in Sources */,
				7CEFD1DF2CF3022E00472555 /* MessageModel.swift in Sources */,
				7CB4D8E52CEE3C2D008CF0CC /* CostantValue.swift in Sources */,
				7CB4D8E22CEE381B008CF0CC /* ProfileViewController.swift in Sources */,
				7CB4D8A52CEE34EC008CF0CC /* SceneDelegate.swift in Sources */,
				7CB4D8DA2CEE37DA008CF0CC /* RegistrationViewController.swift in Sources */,
				7CEFD1DD2CF2FF0E00472555 /* ChatViewController.swift in Sources */,
				7CEFD1C32CF2144700472555 /* DataBaseManager.swift in Sources */,
			);
			runOnlyForDeploymentPostprocessing = 0;
		};
		7CB4D8B12CEE34ED008CF0CC /* Sources */ = {
			isa = PBXSourcesBuildPhase;
			buildActionMask = 2147483647;
			files = (
				7CB4D8BA2CEE34ED008CF0CC /* ChatAppTests.swift in Sources */,
			);
			runOnlyForDeploymentPostprocessing = 0;
		};
		7CB4D8BB2CEE34ED008CF0CC /* Sources */ = {
			isa = PBXSourcesBuildPhase;
			buildActionMask = 2147483647;
			files = (
				7CB4D8C62CEE34ED008CF0CC /* ChatAppUITestsLaunchTests.swift in Sources */,
				7CB4D8C42CEE34ED008CF0CC /* ChatAppUITests.swift in Sources */,
			);
			runOnlyForDeploymentPostprocessing = 0;
		};
/* End PBXSourcesBuildPhase section */

/* Begin PBXTargetDependency section */
		7CB4D8B72CEE34ED008CF0CC /* PBXTargetDependency */ = {
			isa = PBXTargetDependency;
			target = 7CB4D89E2CEE34EC008CF0CC /* ChatApp */;
			targetProxy = 7CB4D8B62CEE34ED008CF0CC /* PBXContainerItemProxy */;
		};
		7CB4D8C12CEE34ED008CF0CC /* PBXTargetDependency */ = {
			isa = PBXTargetDependency;
			target = 7CB4D89E2CEE34EC008CF0CC /* ChatApp */;
			targetProxy = 7CB4D8C02CEE34ED008CF0CC /* PBXContainerItemProxy */;
		};
/* End PBXTargetDependency section */

/* Begin PBXVariantGroup section */
		7CB4D8A82CEE34EC008CF0CC /* Main.storyboard */ = {
			isa = PBXVariantGroup;
			children = (
				7CB4D8A92CEE34EC008CF0CC /* Base */,
			);
			name = Main.storyboard;
			sourceTree = "<group>";
		};
		7CB4D8AD2CEE34ED008CF0CC /* LaunchScreen.storyboard */ = {
			isa = PBXVariantGroup;
			children = (
				7CB4D8AE2CEE34ED008CF0CC /* Base */,
			);
			name = LaunchScreen.storyboard;
			sourceTree = "<group>";
		};
/* End PBXVariantGroup section */

/* Begin XCBuildConfiguration section */
		7CB4D8C72CEE34ED008CF0CC /* Debug */ = {
			isa = XCBuildConfiguration;
			buildSettings = {
				ALWAYS_SEARCH_USER_PATHS = NO;
				ASSETCATALOG_COMPILER_GENERATE_SWIFT_ASSET_SYMBOL_EXTENSIONS = YES;
				CLANG_ANALYZER_NONNULL = YES;
				CLANG_ANALYZER_NUMBER_OBJECT_CONVERSION = YES_AGGRESSIVE;
				CLANG_CXX_LANGUAGE_STANDARD = "gnu++20";
				CLANG_ENABLE_MODULES = YES;
				CLANG_ENABLE_OBJC_ARC = YES;
				CLANG_ENABLE_OBJC_WEAK = YES;
				CLANG_WARN_BLOCK_CAPTURE_AUTORELEASING = YES;
				CLANG_WARN_BOOL_CONVERSION = YES;
				CLANG_WARN_COMMA = YES;
				CLANG_WARN_CONSTANT_CONVERSION = YES;
				CLANG_WARN_DEPRECATED_OBJC_IMPLEMENTATIONS = YES;
				CLANG_WARN_DIRECT_OBJC_ISA_USAGE = YES_ERROR;
				CLANG_WARN_DOCUMENTATION_COMMENTS = YES;
				CLANG_WARN_EMPTY_BODY = YES;
				CLANG_WARN_ENUM_CONVERSION = YES;
				CLANG_WARN_INFINITE_RECURSION = YES;
				CLANG_WARN_INT_CONVERSION = YES;
				CLANG_WARN_NON_LITERAL_NULL_CONVERSION = YES;
				CLANG_WARN_OBJC_IMPLICIT_RETAIN_SELF = YES;
				CLANG_WARN_OBJC_LITERAL_CONVERSION = YES;
				CLANG_WARN_OBJC_ROOT_CLASS = YES_ERROR;
				CLANG_WARN_QUOTED_INCLUDE_IN_FRAMEWORK_HEADER = YES;
				CLANG_WARN_RANGE_LOOP_ANALYSIS = YES;
				CLANG_WARN_STRICT_PROTOTYPES = YES;
				CLANG_WARN_SUSPICIOUS_MOVE = YES;
				CLANG_WARN_UNGUARDED_AVAILABILITY = YES_AGGRESSIVE;
				CLANG_WARN_UNREACHABLE_CODE = YES;
				CLANG_WARN__DUPLICATE_METHOD_MATCH = YES;
				COPY_PHASE_STRIP = NO;
				DEBUG_INFORMATION_FORMAT = dwarf;
				ENABLE_STRICT_OBJC_MSGSEND = YES;
				ENABLE_TESTABILITY = YES;
				ENABLE_USER_SCRIPT_SANDBOXING = YES;
				GCC_C_LANGUAGE_STANDARD = gnu17;
				GCC_DYNAMIC_NO_PIC = NO;
				GCC_NO_COMMON_BLOCKS = YES;
				GCC_OPTIMIZATION_LEVEL = 0;
				GCC_PREPROCESSOR_DEFINITIONS = (
					"DEBUG=1",
					"$(inherited)",
				);
				GCC_WARN_64_TO_32_BIT_CONVERSION = YES;
				GCC_WARN_ABOUT_RETURN_TYPE = YES_ERROR;
				GCC_WARN_UNDECLARED_SELECTOR = YES;
				GCC_WARN_UNINITIALIZED_AUTOS = YES_AGGRESSIVE;
				GCC_WARN_UNUSED_FUNCTION = YES;
				GCC_WARN_UNUSED_VARIABLE = YES;
				IPHONEOS_DEPLOYMENT_TARGET = 13.5;
				LOCALIZATION_PREFERS_STRING_CATALOGS = YES;
				MTL_ENABLE_DEBUG_INFO = INCLUDE_SOURCE;
				MTL_FAST_MATH = YES;
				ONLY_ACTIVE_ARCH = YES;
				SDKROOT = iphoneos;
				SWIFT_ACTIVE_COMPILATION_CONDITIONS = "DEBUG $(inherited)";
				SWIFT_OPTIMIZATION_LEVEL = "-Onone";
			};
			name = Debug;
		};
		7CB4D8C82CEE34ED008CF0CC /* Release */ = {
			isa = XCBuildConfiguration;
			buildSettings = {
				ALWAYS_SEARCH_USER_PATHS = NO;
				ASSETCATALOG_COMPILER_GENERATE_SWIFT_ASSET_SYMBOL_EXTENSIONS = YES;
				CLANG_ANALYZER_NONNULL = YES;
				CLANG_ANALYZER_NUMBER_OBJECT_CONVERSION = YES_AGGRESSIVE;
				CLANG_CXX_LANGUAGE_STANDARD = "gnu++20";
				CLANG_ENABLE_MODULES = YES;
				CLANG_ENABLE_OBJC_ARC = YES;
				CLANG_ENABLE_OBJC_WEAK = YES;
				CLANG_WARN_BLOCK_CAPTURE_AUTORELEASING = YES;
				CLANG_WARN_BOOL_CONVERSION = YES;
				CLANG_WARN_COMMA = YES;
				CLANG_WARN_CONSTANT_CONVERSION = YES;
				CLANG_WARN_DEPRECATED_OBJC_IMPLEMENTATIONS = YES;
				CLANG_WARN_DIRECT_OBJC_ISA_USAGE = YES_ERROR;
				CLANG_WARN_DOCUMENTATION_COMMENTS = YES;
				CLANG_WARN_EMPTY_BODY = YES;
				CLANG_WARN_ENUM_CONVERSION = YES;
				CLANG_WARN_INFINITE_RECURSION = YES;
				CLANG_WARN_INT_CONVERSION = YES;
				CLANG_WARN_NON_LITERAL_NULL_CONVERSION = YES;
				CLANG_WARN_OBJC_IMPLICIT_RETAIN_SELF = YES;
				CLANG_WARN_OBJC_LITERAL_CONVERSION = YES;
				CLANG_WARN_OBJC_ROOT_CLASS = YES_ERROR;
				CLANG_WARN_QUOTED_INCLUDE_IN_FRAMEWORK_HEADER = YES;
				CLANG_WARN_RANGE_LOOP_ANALYSIS = YES;
				CLANG_WARN_STRICT_PROTOTYPES = YES;
				CLANG_WARN_SUSPICIOUS_MOVE = YES;
				CLANG_WARN_UNGUARDED_AVAILABILITY = YES_AGGRESSIVE;
				CLANG_WARN_UNREACHABLE_CODE = YES;
				CLANG_WARN__DUPLICATE_METHOD_MATCH = YES;
				COPY_PHASE_STRIP = NO;
				DEBUG_INFORMATION_FORMAT = "dwarf-with-dsym";
				ENABLE_NS_ASSERTIONS = NO;
				ENABLE_STRICT_OBJC_MSGSEND = YES;
				ENABLE_USER_SCRIPT_SANDBOXING = YES;
				GCC_C_LANGUAGE_STANDARD = gnu17;
				GCC_NO_COMMON_BLOCKS = YES;
				GCC_WARN_64_TO_32_BIT_CONVERSION = YES;
				GCC_WARN_ABOUT_RETURN_TYPE = YES_ERROR;
				GCC_WARN_UNDECLARED_SELECTOR = YES;
				GCC_WARN_UNINITIALIZED_AUTOS = YES_AGGRESSIVE;
				GCC_WARN_UNUSED_FUNCTION = YES;
				GCC_WARN_UNUSED_VARIABLE = YES;
				IPHONEOS_DEPLOYMENT_TARGET = 13.5;
				LOCALIZATION_PREFERS_STRING_CATALOGS = YES;
				MTL_ENABLE_DEBUG_INFO = NO;
				MTL_FAST_MATH = YES;
				SDKROOT = iphoneos;
				SWIFT_COMPILATION_MODE = wholemodule;
				VALIDATE_PRODUCT = YES;
			};
			name = Release;
		};
		7CB4D8CA2CEE34ED008CF0CC /* Debug */ = {
			isa = XCBuildConfiguration;
			buildSettings = {
				ASSETCATALOG_COMPILER_APPICON_NAME = AppIcon;
				ASSETCATALOG_COMPILER_GLOBAL_ACCENT_COLOR_NAME = AccentColor;
				CODE_SIGN_STYLE = Automatic;
				CURRENT_PROJECT_VERSION = 1;
				GENERATE_INFOPLIST_FILE = YES;
				INFOPLIST_FILE = ChatApp/Info.plist;
				INFOPLIST_KEY_UIApplicationSupportsIndirectInputEvents = YES;
				INFOPLIST_KEY_UILaunchStoryboardName = LaunchScreen;
				INFOPLIST_KEY_UIMainStoryboardFile = Main;
				INFOPLIST_KEY_UISupportedInterfaceOrientations = UIInterfaceOrientationPortrait;
				INFOPLIST_KEY_UISupportedInterfaceOrientations_iPad = "UIInterfaceOrientationPortrait UIInterfaceOrientationPortraitUpsideDown";
				LD_RUNPATH_SEARCH_PATHS = (
					"$(inherited)",
					"@executable_path/Frameworks",
				);
				MARKETING_VERSION = 1.0;
				PRODUCT_BUNDLE_IDENTIFIER = developer.ChatApp;
				PRODUCT_NAME = "$(TARGET_NAME)";
				SWIFT_EMIT_LOC_STRINGS = YES;
				SWIFT_VERSION = 5.0;
				TARGETED_DEVICE_FAMILY = "1,2";
			};
			name = Debug;
		};
		7CB4D8CB2CEE34ED008CF0CC /* Release */ = {
			isa = XCBuildConfiguration;
			buildSettings = {
				ASSETCATALOG_COMPILER_APPICON_NAME = AppIcon;
				ASSETCATALOG_COMPILER_GLOBAL_ACCENT_COLOR_NAME = AccentColor;
				CODE_SIGN_STYLE = Automatic;
				CURRENT_PROJECT_VERSION = 1;
				GENERATE_INFOPLIST_FILE = YES;
				INFOPLIST_FILE = ChatApp/Info.plist;
				INFOPLIST_KEY_UIApplicationSupportsIndirectInputEvents = YES;
				INFOPLIST_KEY_UILaunchStoryboardName = LaunchScreen;
				INFOPLIST_KEY_UIMainStoryboardFile = Main;
				INFOPLIST_KEY_UISupportedInterfaceOrientations = UIInterfaceOrientationPortrait;
				INFOPLIST_KEY_UISupportedInterfaceOrientations_iPad = "UIInterfaceOrientationPortrait UIInterfaceOrientationPortraitUpsideDown";
				LD_RUNPATH_SEARCH_PATHS = (
					"$(inherited)",
					"@executable_path/Frameworks",
				);
				MARKETING_VERSION = 1.0;
				PRODUCT_BUNDLE_IDENTIFIER = developer.ChatApp;
				PRODUCT_NAME = "$(TARGET_NAME)";
				SWIFT_EMIT_LOC_STRINGS = YES;
				SWIFT_VERSION = 5.0;
				TARGETED_DEVICE_FAMILY = "1,2";
			};
			name = Release;
		};
		7CB4D8CD2CEE34ED008CF0CC /* Debug */ = {
			isa = XCBuildConfiguration;
			buildSettings = {
				ALWAYS_EMBED_SWIFT_STANDARD_LIBRARIES = YES;
				BUNDLE_LOADER = "$(TEST_HOST)";
				CODE_SIGN_STYLE = Automatic;
				CURRENT_PROJECT_VERSION = 1;
				GENERATE_INFOPLIST_FILE = YES;
				IPHONEOS_DEPLOYMENT_TARGET = 17.5;
				MARKETING_VERSION = 1.0;
				PRODUCT_BUNDLE_IDENTIFIER = developer.ChatAppTests;
				PRODUCT_NAME = "$(TARGET_NAME)";
				SWIFT_EMIT_LOC_STRINGS = NO;
				SWIFT_VERSION = 5.0;
				TARGETED_DEVICE_FAMILY = "1,2";
				TEST_HOST = "$(BUILT_PRODUCTS_DIR)/ChatApp.app/$(BUNDLE_EXECUTABLE_FOLDER_PATH)/ChatApp";
			};
			name = Debug;
		};
		7CB4D8CE2CEE34ED008CF0CC /* Release */ = {
			isa = XCBuildConfiguration;
			buildSettings = {
				ALWAYS_EMBED_SWIFT_STANDARD_LIBRARIES = YES;
				BUNDLE_LOADER = "$(TEST_HOST)";
				CODE_SIGN_STYLE = Automatic;
				CURRENT_PROJECT_VERSION = 1;
				GENERATE_INFOPLIST_FILE = YES;
				IPHONEOS_DEPLOYMENT_TARGET = 17.5;
				MARKETING_VERSION = 1.0;
				PRODUCT_BUNDLE_IDENTIFIER = developer.ChatAppTests;
				PRODUCT_NAME = "$(TARGET_NAME)";
				SWIFT_EMIT_LOC_STRINGS = NO;
				SWIFT_VERSION = 5.0;
				TARGETED_DEVICE_FAMILY = "1,2";
				TEST_HOST = "$(BUILT_PRODUCTS_DIR)/ChatApp.app/$(BUNDLE_EXECUTABLE_FOLDER_PATH)/ChatApp";
			};
			name = Release;
		};
		7CB4D8D02CEE34ED008CF0CC /* Debug */ = {
			isa = XCBuildConfiguration;
			buildSettings = {
				ALWAYS_EMBED_SWIFT_STANDARD_LIBRARIES = YES;
				CODE_SIGN_STYLE = Automatic;
				CURRENT_PROJECT_VERSION = 1;
				GENERATE_INFOPLIST_FILE = YES;
				MARKETING_VERSION = 1.0;
				PRODUCT_BUNDLE_IDENTIFIER = developer.ChatAppUITests;
				PRODUCT_NAME = "$(TARGET_NAME)";
				SWIFT_EMIT_LOC_STRINGS = NO;
				SWIFT_VERSION = 5.0;
				TARGETED_DEVICE_FAMILY = "1,2";
				TEST_TARGET_NAME = ChatApp;
			};
			name = Debug;
		};
		7CB4D8D12CEE34ED008CF0CC /* Release */ = {
			isa = XCBuildConfiguration;
			buildSettings = {
				ALWAYS_EMBED_SWIFT_STANDARD_LIBRARIES = YES;
				CODE_SIGN_STYLE = Automatic;
				CURRENT_PROJECT_VERSION = 1;
				GENERATE_INFOPLIST_FILE = YES;
				MARKETING_VERSION = 1.0;
				PRODUCT_BUNDLE_IDENTIFIER = developer.ChatAppUITests;
				PRODUCT_NAME = "$(TARGET_NAME)";
				SWIFT_EMIT_LOC_STRINGS = NO;
				SWIFT_VERSION = 5.0;
				TARGETED_DEVICE_FAMILY = "1,2";
				TEST_TARGET_NAME = ChatApp;
			};
			name = Release;
		};
/* End XCBuildConfiguration section */

/* Begin XCConfigurationList section */
		7CB4D89A2CEE34EC008CF0CC /* Build configuration list for PBXProject "ChatApp" */ = {
			isa = XCConfigurationList;
			buildConfigurations = (
				7CB4D8C72CEE34ED008CF0CC /* Debug */,
				7CB4D8C82CEE34ED008CF0CC /* Release */,
			);
			defaultConfigurationIsVisible = 0;
			defaultConfigurationName = Release;
		};
		7CB4D8C92CEE34ED008CF0CC /* Build configuration list for PBXNativeTarget "ChatApp" */ = {
			isa = XCConfigurationList;
			buildConfigurations = (
				7CB4D8CA2CEE34ED008CF0CC /* Debug */,
				7CB4D8CB2CEE34ED008CF0CC /* Release */,
			);
			defaultConfigurationIsVisible = 0;
			defaultConfigurationName = Release;
		};
		7CB4D8CC2CEE34ED008CF0CC /* Build configuration list for PBXNativeTarget "ChatAppTests" */ = {
			isa = XCConfigurationList;
			buildConfigurations = (
				7CB4D8CD2CEE34ED008CF0CC /* Debug */,
				7CB4D8CE2CEE34ED008CF0CC /* Release */,
			);
			defaultConfigurationIsVisible = 0;
			defaultConfigurationName = Release;
		};
		7CB4D8CF2CEE34ED008CF0CC /* Build configuration list for PBXNativeTarget "ChatAppUITests" */ = {
			isa = XCConfigurationList;
			buildConfigurations = (
				7CB4D8D02CEE34ED008CF0CC /* Debug */,
				7CB4D8D12CEE34ED008CF0CC /* Release */,
			);
			defaultConfigurationIsVisible = 0;
			defaultConfigurationName = Release;
		};
/* End XCConfigurationList section */

/* Begin XCRemoteSwiftPackageReference section */
		7CB4D8E82CEFA98B008CF0CC /* XCRemoteSwiftPackageReference "firebase-ios-sdk" */ = {
			isa = XCRemoteSwiftPackageReference;
			repositoryURL = "https://github.com/firebase/firebase-ios-sdk.git";
			requirement = {
				kind = upToNextMajorVersion;
				minimumVersion = 11.5.0;
			};
		};
		7CEFD1CD2CF2FBA000472555 /* XCRemoteSwiftPackageReference "MessageKit" */ = {
			isa = XCRemoteSwiftPackageReference;
			repositoryURL = "https://github.com/MessageKit/MessageKit";
			requirement = {
				kind = upToNextMajorVersion;
				minimumVersion = 4.3.0;
			};
		};
		7CEFD1CE2CF2FBF200472555 /* XCRemoteSwiftPackageReference "realm-swift" */ = {
			isa = XCRemoteSwiftPackageReference;
			repositoryURL = "https://github.com/realm/realm-swift";
			requirement = {
				branch = master;
				kind = branch;
			};
		};
		7CEFD1CF2CF2FC4000472555 /* XCRemoteSwiftPackageReference "JGProgressHUD" */ = {
			isa = XCRemoteSwiftPackageReference;
			repositoryURL = "https://github.com/JonasGessner/JGProgressHUD.git";
			requirement = {
				kind = upToNextMajorVersion;
				minimumVersion = 2.2.0;
			};
		};
/* End XCRemoteSwiftPackageReference section */

/* Begin XCSwiftPackageProductDependency section */
		7CB4D8E92CEFA98B008CF0CC /* FirebaseAuth */ = {
			isa = XCSwiftPackageProductDependency;
			package = 7CB4D8E82CEFA98B008CF0CC /* XCRemoteSwiftPackageReference "firebase-ios-sdk" */;
			productName = FirebaseAuth;
		};
		7CB4D8EB2CEFA98B008CF0CC /* FirebaseCore */ = {
			isa = XCSwiftPackageProductDependency;
			package = 7CB4D8E82CEFA98B008CF0CC /* XCRemoteSwiftPackageReference "firebase-ios-sdk" */;
			productName = FirebaseCore;
		};
		7CB4D8ED2CEFA98B008CF0CC /* FirebaseDatabase */ = {
			isa = XCSwiftPackageProductDependency;
			package = 7CB4D8E82CEFA98B008CF0CC /* XCRemoteSwiftPackageReference "firebase-ios-sdk" */;
			productName = FirebaseDatabase;
		};
		7CEFD1D12CF2FE0C00472555 /* MessageKit */ = {
			isa = XCSwiftPackageProductDependency;
			package = 7CEFD1CD2CF2FBA000472555 /* XCRemoteSwiftPackageReference "MessageKit" */;
			productName = MessageKit;
		};
		7CEFD1D32CF2FE1400472555 /* JGProgressHUD */ = {
			isa = XCSwiftPackageProductDependency;
			package = 7CEFD1CF2CF2FC4000472555 /* XCRemoteSwiftPackageReference "JGProgressHUD" */;
			productName = JGProgressHUD;
		};
		7CEFD1D52CF2FE2100472555 /* Realm */ = {
			isa = XCSwiftPackageProductDependency;
			package = 7CEFD1CE2CF2FBF200472555 /* XCRemoteSwiftPackageReference "realm-swift" */;
			productName = Realm;
		};
/* End XCSwiftPackageProductDependency section */
	};
	rootObject = 7CB4D8972CEE34EC008CF0CC /* Project object */;
}
